// !$*UTF8*$!
{
	archiveVersion = 1;
	classes = {
	};
	objectVersion = 56;
	objects = {

/* Begin PBXBuildFile section */
		712DF5402BEF385600F0BCCB /* Dto.swift in Sources */ = {isa = PBXBuildFile; fileRef = 712DF53F2BEF385600F0BCCB /* Dto.swift */; };
		712DF5422BEF387A00F0BCCB /* Network.swift in Sources */ = {isa = PBXBuildFile; fileRef = 712DF5412BEF387A00F0BCCB /* Network.swift */; };
		712DF5452BEFA71A00F0BCCB /* HomeViewController.swift in Sources */ = {isa = PBXBuildFile; fileRef = 712DF5442BEFA71A00F0BCCB /* HomeViewController.swift */; };
		712DF5472BEFA75D00F0BCCB /* HomeView.swift in Sources */ = {isa = PBXBuildFile; fileRef = 712DF5462BEFA75D00F0BCCB /* HomeView.swift */; };
		712DF54A2BEFA7BB00F0BCCB /* UIView+.swift in Sources */ = {isa = PBXBuildFile; fileRef = 712DF5492BEFA7BB00F0BCCB /* UIView+.swift */; };
		712DF54C2BEFA7EA00F0BCCB /* getClassName.swift in Sources */ = {isa = PBXBuildFile; fileRef = 712DF54B2BEFA7EA00F0BCCB /* getClassName.swift */; };
		712DF54F2BEFAD1000F0BCCB /* Config.swift in Sources */ = {isa = PBXBuildFile; fileRef = 712DF54E2BEFAD1000F0BCCB /* Config.swift */; };
		71FCF3302BE8FB7600D8528A /* AppDelegate.swift in Sources */ = {isa = PBXBuildFile; fileRef = 71FCF32F2BE8FB7600D8528A /* AppDelegate.swift */; };
		71FCF3322BE8FB7600D8528A /* SceneDelegate.swift in Sources */ = {isa = PBXBuildFile; fileRef = 71FCF3312BE8FB7600D8528A /* SceneDelegate.swift */; };
		71FCF3342BE8FB7600D8528A /* ViewController.swift in Sources */ = {isa = PBXBuildFile; fileRef = 71FCF3332BE8FB7600D8528A /* ViewController.swift */; };
		71FCF3392BE8FB7800D8528A /* Assets.xcassets in Resources */ = {isa = PBXBuildFile; fileRef = 71FCF3382BE8FB7800D8528A /* Assets.xcassets */; };
		71FCF33C2BE8FB7800D8528A /* LaunchScreen.storyboard in Resources */ = {isa = PBXBuildFile; fileRef = 71FCF33A2BE8FB7800D8528A /* LaunchScreen.storyboard */; };
		71FCF3472BEA1BFD00D8528A /* SpotifyTabBarController.swift in Sources */ = {isa = PBXBuildFile; fileRef = 71FCF3462BEA1BFD00D8528A /* SpotifyTabBarController.swift */; };
		71FCF34A2BEA1C1A00D8528A /* Then in Frameworks */ = {isa = PBXBuildFile; productRef = 71FCF3492BEA1C1A00D8528A /* Then */; };
		71FCF34D2BEA1C2400D8528A /* SnapKit in Frameworks */ = {isa = PBXBuildFile; productRef = 71FCF34C2BEA1C2400D8528A /* SnapKit */; };
		71FCF34F2BEA1C2400D8528A /* SnapKit-Dynamic in Frameworks */ = {isa = PBXBuildFile; productRef = 71FCF34E2BEA1C2400D8528A /* SnapKit-Dynamic */; };
		71FCF3512BEA1C9A00D8528A /* SpotifyTabBarItem.swift in Sources */ = {isa = PBXBuildFile; fileRef = 71FCF3502BEA1C9A00D8528A /* SpotifyTabBarItem.swift */; };
		71FCF3552BEA658F00D8528A /* CombineMoya in Frameworks */ = {isa = PBXBuildFile; productRef = 71FCF3542BEA658F00D8528A /* CombineMoya */; };
		71FCF3572BEA658F00D8528A /* Moya in Frameworks */ = {isa = PBXBuildFile; productRef = 71FCF3562BEA658F00D8528A /* Moya */; };
		71FCF3592BEA658F00D8528A /* ReactiveMoya in Frameworks */ = {isa = PBXBuildFile; productRef = 71FCF3582BEA658F00D8528A /* ReactiveMoya */; };
		71FCF35B2BEA658F00D8528A /* RxMoya in Frameworks */ = {isa = PBXBuildFile; productRef = 71FCF35A2BEA658F00D8528A /* RxMoya */; };
		95AF202C2BF087F70057D44A /* ArtistViewController.swift in Sources */ = {isa = PBXBuildFile; fileRef = 95AF202B2BF087F70057D44A /* ArtistViewController.swift */; };
		95AF202E2BF088020057D44A /* ArtistView.swift in Sources */ = {isa = PBXBuildFile; fileRef = 95AF202D2BF088020057D44A /* ArtistView.swift */; };
		95D119CE2BEF5B6D004228C0 /* Pretendard-Regular.otf in Resources */ = {isa = PBXBuildFile; fileRef = 95D119CB2BEF5B6D004228C0 /* Pretendard-Regular.otf */; };
		95D119CF2BEF5B6D004228C0 /* Pretendard-Medium.otf in Resources */ = {isa = PBXBuildFile; fileRef = 95D119CC2BEF5B6D004228C0 /* Pretendard-Medium.otf */; };
		95D119D02BEF5B6D004228C0 /* Pretendard-SemiBold.otf in Resources */ = {isa = PBXBuildFile; fileRef = 95D119CD2BEF5B6D004228C0 /* Pretendard-SemiBold.otf */; };
		95D119D22BEF5B81004228C0 /* Pretendard-Bold.otf in Resources */ = {isa = PBXBuildFile; fileRef = 95D119D12BEF5B81004228C0 /* Pretendard-Bold.otf */; };
		95D119E92BEF5FF4004228C0 /* Gotham-Bold.otf in Resources */ = {isa = PBXBuildFile; fileRef = 95D119E82BEF5FF4004228C0 /* Gotham-Bold.otf */; };
		95D119EB2BEF600A004228C0 /* Gotham-Book.otf in Resources */ = {isa = PBXBuildFile; fileRef = 95D119EA2BEF600A004228C0 /* Gotham-Book.otf */; };
		95D119ED2BEF601E004228C0 /* Gotham-Medium.otf in Resources */ = {isa = PBXBuildFile; fileRef = 95D119EC2BEF601E004228C0 /* Gotham-Medium.otf */; };
		95D119F22BEFB67D004228C0 /* FontLiterals.swift in Sources */ = {isa = PBXBuildFile; fileRef = 95D119F12BEFB67D004228C0 /* FontLiterals.swift */; };
		B81A0D942BF25B6700C5E591 /* MusicRecommandView.swift in Sources */ = {isa = PBXBuildFile; fileRef = B81A0D932BF25B6700C5E591 /* MusicRecommandView.swift */; };
		B81A0D982BF262B100C5E591 /* MusicRecommandViewController.swift in Sources */ = {isa = PBXBuildFile; fileRef = B81A0D972BF262B100C5E591 /* MusicRecommandViewController.swift */; };
/* End PBXBuildFile section */

/* Begin PBXFileReference section */
		712DF53F2BEF385600F0BCCB /* Dto.swift */ = {isa = PBXFileReference; lastKnownFileType = sourcecode.swift; path = Dto.swift; sourceTree = "<group>"; };
		712DF5412BEF387A00F0BCCB /* Network.swift */ = {isa = PBXFileReference; lastKnownFileType = sourcecode.swift; path = Network.swift; sourceTree = "<group>"; };
		712DF5442BEFA71A00F0BCCB /* HomeViewController.swift */ = {isa = PBXFileReference; lastKnownFileType = sourcecode.swift; path = HomeViewController.swift; sourceTree = "<group>"; };
		712DF5462BEFA75D00F0BCCB /* HomeView.swift */ = {isa = PBXFileReference; lastKnownFileType = sourcecode.swift; path = HomeView.swift; sourceTree = "<group>"; };
		712DF5492BEFA7BB00F0BCCB /* UIView+.swift */ = {isa = PBXFileReference; lastKnownFileType = sourcecode.swift; path = "UIView+.swift"; sourceTree = "<group>"; };
		712DF54B2BEFA7EA00F0BCCB /* getClassName.swift */ = {isa = PBXFileReference; lastKnownFileType = sourcecode.swift; path = getClassName.swift; sourceTree = "<group>"; };
		712DF54E2BEFAD1000F0BCCB /* Config.swift */ = {isa = PBXFileReference; lastKnownFileType = sourcecode.swift; path = Config.swift; sourceTree = "<group>"; };
		71FCF32C2BE8FB7600D8528A /* Spotify-iOS.app */ = {isa = PBXFileReference; explicitFileType = wrapper.application; includeInIndex = 0; path = "Spotify-iOS.app"; sourceTree = BUILT_PRODUCTS_DIR; };
		71FCF32F2BE8FB7600D8528A /* AppDelegate.swift */ = {isa = PBXFileReference; lastKnownFileType = sourcecode.swift; path = AppDelegate.swift; sourceTree = "<group>"; };
		71FCF3312BE8FB7600D8528A /* SceneDelegate.swift */ = {isa = PBXFileReference; lastKnownFileType = sourcecode.swift; path = SceneDelegate.swift; sourceTree = "<group>"; };
		71FCF3332BE8FB7600D8528A /* ViewController.swift */ = {isa = PBXFileReference; lastKnownFileType = sourcecode.swift; path = ViewController.swift; sourceTree = "<group>"; };
		71FCF3382BE8FB7800D8528A /* Assets.xcassets */ = {isa = PBXFileReference; lastKnownFileType = folder.assetcatalog; path = Assets.xcassets; sourceTree = "<group>"; };
		71FCF33B2BE8FB7800D8528A /* Base */ = {isa = PBXFileReference; lastKnownFileType = file.storyboard; name = Base; path = Base.lproj/LaunchScreen.storyboard; sourceTree = "<group>"; };
		71FCF33D2BE8FB7800D8528A /* Info.plist */ = {isa = PBXFileReference; lastKnownFileType = text.plist.xml; path = Info.plist; sourceTree = "<group>"; };
		71FCF3462BEA1BFD00D8528A /* SpotifyTabBarController.swift */ = {isa = PBXFileReference; lastKnownFileType = sourcecode.swift; path = SpotifyTabBarController.swift; sourceTree = "<group>"; };
		71FCF3502BEA1C9A00D8528A /* SpotifyTabBarItem.swift */ = {isa = PBXFileReference; lastKnownFileType = sourcecode.swift; path = SpotifyTabBarItem.swift; sourceTree = "<group>"; };
		95AF202B2BF087F70057D44A /* ArtistViewController.swift */ = {isa = PBXFileReference; lastKnownFileType = sourcecode.swift; path = ArtistViewController.swift; sourceTree = "<group>"; };
		95AF202D2BF088020057D44A /* ArtistView.swift */ = {isa = PBXFileReference; lastKnownFileType = sourcecode.swift; path = ArtistView.swift; sourceTree = "<group>"; };
		95D119CB2BEF5B6D004228C0 /* Pretendard-Regular.otf */ = {isa = PBXFileReference; lastKnownFileType = file; path = "Pretendard-Regular.otf"; sourceTree = "<group>"; };
		95D119CC2BEF5B6D004228C0 /* Pretendard-Medium.otf */ = {isa = PBXFileReference; lastKnownFileType = file; path = "Pretendard-Medium.otf"; sourceTree = "<group>"; };
		95D119CD2BEF5B6D004228C0 /* Pretendard-SemiBold.otf */ = {isa = PBXFileReference; lastKnownFileType = file; path = "Pretendard-SemiBold.otf"; sourceTree = "<group>"; };
		95D119D12BEF5B81004228C0 /* Pretendard-Bold.otf */ = {isa = PBXFileReference; lastKnownFileType = file; path = "Pretendard-Bold.otf"; sourceTree = "<group>"; };
		95D119E82BEF5FF4004228C0 /* Gotham-Bold.otf */ = {isa = PBXFileReference; lastKnownFileType = file; path = "Gotham-Bold.otf"; sourceTree = "<group>"; };
		95D119EA2BEF600A004228C0 /* Gotham-Book.otf */ = {isa = PBXFileReference; lastKnownFileType = file; path = "Gotham-Book.otf"; sourceTree = "<group>"; };
		95D119EC2BEF601E004228C0 /* Gotham-Medium.otf */ = {isa = PBXFileReference; lastKnownFileType = file; path = "Gotham-Medium.otf"; sourceTree = "<group>"; };
		95D119F12BEFB67D004228C0 /* FontLiterals.swift */ = {isa = PBXFileReference; lastKnownFileType = sourcecode.swift; path = FontLiterals.swift; sourceTree = "<group>"; };
		B81A0D932BF25B6700C5E591 /* MusicRecommandView.swift */ = {isa = PBXFileReference; lastKnownFileType = sourcecode.swift; path = MusicRecommandView.swift; sourceTree = "<group>"; };
		B81A0D972BF262B100C5E591 /* MusicRecommandViewController.swift */ = {isa = PBXFileReference; lastKnownFileType = sourcecode.swift; path = MusicRecommandViewController.swift; sourceTree = "<group>"; };
/* End PBXFileReference section */

/* Begin PBXFrameworksBuildPhase section */
		71FCF3292BE8FB7600D8528A /* Frameworks */ = {
			isa = PBXFrameworksBuildPhase;
			buildActionMask = 2147483647;
			files = (
				71FCF34A2BEA1C1A00D8528A /* Then in Frameworks */,
				71FCF34D2BEA1C2400D8528A /* SnapKit in Frameworks */,
				71FCF3552BEA658F00D8528A /* CombineMoya in Frameworks */,
				71FCF3572BEA658F00D8528A /* Moya in Frameworks */,
				71FCF35B2BEA658F00D8528A /* RxMoya in Frameworks */,
				71FCF34F2BEA1C2400D8528A /* SnapKit-Dynamic in Frameworks */,
				71FCF3592BEA658F00D8528A /* ReactiveMoya in Frameworks */,
			);
			runOnlyForDeploymentPostprocessing = 0;
		};
/* End PBXFrameworksBuildPhase section */

/* Begin PBXGroup section */
		712DF5432BEFA15200F0BCCB /* Home */ = {
			isa = PBXGroup;
			children = (
				712DF5442BEFA71A00F0BCCB /* HomeViewController.swift */,
			);
			path = Home;
			sourceTree = "<group>";
		};
		712DF5482BEFA77900F0BCCB /* Extension */ = {
			isa = PBXGroup;
			children = (
				712DF5492BEFA7BB00F0BCCB /* UIView+.swift */,
				712DF54B2BEFA7EA00F0BCCB /* getClassName.swift */,
			);
			path = Extension;
			sourceTree = "<group>";
		};
		712DF54D2BEFAD0700F0BCCB /* Base */ = {
			isa = PBXGroup;
			children = (
				712DF54E2BEFAD1000F0BCCB /* Config.swift */,
			);
			path = Base;
			sourceTree = "<group>";
		};
		71FCF3232BE8FB7600D8528A = {
			isa = PBXGroup;
			children = (
				71FCF32E2BE8FB7600D8528A /* Spotify-iOS */,
				71FCF32D2BE8FB7600D8528A /* Products */,
			);
			sourceTree = "<group>";
		};
		71FCF32D2BE8FB7600D8528A /* Products */ = {
			isa = PBXGroup;
			children = (
				71FCF32C2BE8FB7600D8528A /* Spotify-iOS.app */,
			);
			name = Products;
			sourceTree = "<group>";
		};
		71FCF32E2BE8FB7600D8528A /* Spotify-iOS */ = {
			isa = PBXGroup;
			children = (
				71FCF3432BEA1A5B00D8528A /* Application */,
				71FCF35E2BEA6BC400D8528A /* Global */,
				71FCF35D2BEA6BC000D8528A /* Data */,
				71FCF35C2BEA6BB600D8528A /* Network */,
				71FCF3522BEA2BBD00D8528A /* Presentation */,
			);
			path = "Spotify-iOS";
			sourceTree = "<group>";
		};
		71FCF3432BEA1A5B00D8528A /* Application */ = {
			isa = PBXGroup;
			children = (
				71FCF32F2BE8FB7600D8528A /* AppDelegate.swift */,
				71FCF3312BE8FB7600D8528A /* SceneDelegate.swift */,
				71FCF3332BE8FB7600D8528A /* ViewController.swift */,
				71FCF33A2BE8FB7800D8528A /* LaunchScreen.storyboard */,
				71FCF33D2BE8FB7800D8528A /* Info.plist */,
			);
			path = Application;
			sourceTree = "<group>";
		};
		71FCF3442BEA1B3900D8528A /* Resource */ = {
			isa = PBXGroup;
			children = (
				95D119BE2BEF5387004228C0 /* Font */,
				71FCF3382BE8FB7800D8528A /* Assets.xcassets */,
			);
			path = Resource;
			sourceTree = "<group>";
		};
		71FCF3452BEA1BDF00D8528A /* TabBar */ = {
			isa = PBXGroup;
			children = (
				71FCF3462BEA1BFD00D8528A /* SpotifyTabBarController.swift */,
				71FCF3502BEA1C9A00D8528A /* SpotifyTabBarItem.swift */,
			);
			path = TabBar;
			sourceTree = "<group>";
		};
		71FCF3522BEA2BBD00D8528A /* Presentation */ = {
			isa = PBXGroup;
			children = (
				95AF20272BF0855C0057D44A /* ViewControllers */,
				95AF20262BF085520057D44A /* Views */,
				71FCF3452BEA1BDF00D8528A /* TabBar */,
			);
			path = Presentation;
			sourceTree = "<group>";
		};
		71FCF35C2BEA6BB600D8528A /* Network */ = {
			isa = PBXGroup;
			children = (
				712DF54D2BEFAD0700F0BCCB /* Base */,
				712DF5412BEF387A00F0BCCB /* Network.swift */,
			);
			path = Network;
			sourceTree = "<group>";
		};
		71FCF35D2BEA6BC000D8528A /* Data */ = {
			isa = PBXGroup;
			children = (
				712DF53F2BEF385600F0BCCB /* Dto.swift */,
			);
			path = Data;
			sourceTree = "<group>";
		};
		71FCF35E2BEA6BC400D8528A /* Global */ = {
			isa = PBXGroup;
			children = (
				712DF5482BEFA77900F0BCCB /* Extension */,
				95D119F02BEFB66D004228C0 /* Literals */,
				71FCF3442BEA1B3900D8528A /* Resource */,
			);
			path = Global;
			sourceTree = "<group>";
		};
		95AF20262BF085520057D44A /* Views */ = {
			isa = PBXGroup;
			children = (
				B81A0D952BF2626100C5E591 /* Cells */,
				B81A0D922BF25B1B00C5E591 /* Recommand */,
				95AF20282BF086540057D44A /* Home */,
				95AF202A2BF086610057D44A /* Artist */,
			);
			path = Views;
			sourceTree = "<group>";
		};
		95AF20272BF0855C0057D44A /* ViewControllers */ = {
			isa = PBXGroup;
			children = (
				B81A0D962BF2629B00C5E591 /* Recommand */,
				712DF5432BEFA15200F0BCCB /* Home */,
				95AF20292BF0865C0057D44A /* Artist */,
			);
			path = ViewControllers;
			sourceTree = "<group>";
		};
		95AF20282BF086540057D44A /* Home */ = {
			isa = PBXGroup;
			children = (
				712DF5462BEFA75D00F0BCCB /* HomeView.swift */,
			);
			path = Home;
			sourceTree = "<group>";
		};
		95AF20292BF0865C0057D44A /* Artist */ = {
			isa = PBXGroup;
			children = (
				95AF202B2BF087F70057D44A /* ArtistViewController.swift */,
			);
			path = Artist;
			sourceTree = "<group>";
		};
		95AF202A2BF086610057D44A /* Artist */ = {
			isa = PBXGroup;
			children = (
				95AF202D2BF088020057D44A /* ArtistView.swift */,
			);
			path = Artist;
			sourceTree = "<group>";
		};
		95D119BE2BEF5387004228C0 /* Font */ = {
			isa = PBXGroup;
			children = (
				95D119E72BEF5FD7004228C0 /* Gotham */,
				95D119C12BEF58A5004228C0 /* Pretendard */,
			);
			path = Font;
			sourceTree = "<group>";
		};
		95D119C12BEF58A5004228C0 /* Pretendard */ = {
			isa = PBXGroup;
			children = (
				95D119D12BEF5B81004228C0 /* Pretendard-Bold.otf */,
				95D119CC2BEF5B6D004228C0 /* Pretendard-Medium.otf */,
				95D119CB2BEF5B6D004228C0 /* Pretendard-Regular.otf */,
				95D119CD2BEF5B6D004228C0 /* Pretendard-SemiBold.otf */,
			);
			path = Pretendard;
			sourceTree = "<group>";
		};
		95D119E72BEF5FD7004228C0 /* Gotham */ = {
			isa = PBXGroup;
			children = (
				95D119EC2BEF601E004228C0 /* Gotham-Medium.otf */,
				95D119EA2BEF600A004228C0 /* Gotham-Book.otf */,
				95D119E82BEF5FF4004228C0 /* Gotham-Bold.otf */,
			);
			path = Gotham;
			sourceTree = "<group>";
		};
		95D119F02BEFB66D004228C0 /* Literals */ = {
			isa = PBXGroup;
			children = (
				95D119F12BEFB67D004228C0 /* FontLiterals.swift */,
			);
			path = Literals;
			sourceTree = "<group>";
		};
		B81A0D922BF25B1B00C5E591 /* Recommand */ = {
			isa = PBXGroup;
			children = (
				B81A0D932BF25B6700C5E591 /* MusicRecommandView.swift */,
			);
			path = Recommand;
			sourceTree = "<group>";
		};
		B81A0D952BF2626100C5E591 /* Cells */ = {
			isa = PBXGroup;
			children = (
			);
			path = Cells;
			sourceTree = "<group>";
		};
		B81A0D962BF2629B00C5E591 /* Recommand */ = {
			isa = PBXGroup;
			children = (
				B81A0D972BF262B100C5E591 /* MusicRecommandViewController.swift */,
			);
			path = Recommand;
			sourceTree = "<group>";
		};
/* End PBXGroup section */

/* Begin PBXNativeTarget section */
		71FCF32B2BE8FB7600D8528A /* Spotify-iOS */ = {
			isa = PBXNativeTarget;
			buildConfigurationList = 71FCF3402BE8FB7800D8528A /* Build configuration list for PBXNativeTarget "Spotify-iOS" */;
			buildPhases = (
				71FCF3282BE8FB7600D8528A /* Sources */,
				71FCF3292BE8FB7600D8528A /* Frameworks */,
				71FCF32A2BE8FB7600D8528A /* Resources */,
			);
			buildRules = (
			);
			dependencies = (
			);
			name = "Spotify-iOS";
			packageProductDependencies = (
				71FCF3492BEA1C1A00D8528A /* Then */,
				71FCF34C2BEA1C2400D8528A /* SnapKit */,
				71FCF34E2BEA1C2400D8528A /* SnapKit-Dynamic */,
				71FCF3542BEA658F00D8528A /* CombineMoya */,
				71FCF3562BEA658F00D8528A /* Moya */,
				71FCF3582BEA658F00D8528A /* ReactiveMoya */,
				71FCF35A2BEA658F00D8528A /* RxMoya */,
			);
			productName = "Spotify-iOS";
			productReference = 71FCF32C2BE8FB7600D8528A /* Spotify-iOS.app */;
			productType = "com.apple.product-type.application";
		};
/* End PBXNativeTarget section */

/* Begin PBXProject section */
		71FCF3242BE8FB7600D8528A /* Project object */ = {
			isa = PBXProject;
			attributes = {
				BuildIndependentTargetsInParallel = 1;
				LastSwiftUpdateCheck = 1500;
				LastUpgradeCheck = 1500;
				TargetAttributes = {
					71FCF32B2BE8FB7600D8528A = {
						CreatedOnToolsVersion = 15.0;
					};
				};
			};
			buildConfigurationList = 71FCF3272BE8FB7600D8528A /* Build configuration list for PBXProject "Spotify-iOS" */;
			compatibilityVersion = "Xcode 14.0";
			developmentRegion = en;
			hasScannedForEncodings = 0;
			knownRegions = (
				en,
				Base,
			);
			mainGroup = 71FCF3232BE8FB7600D8528A;
			packageReferences = (
				71FCF3482BEA1C1A00D8528A /* XCRemoteSwiftPackageReference "Then" */,
				71FCF34B2BEA1C2400D8528A /* XCRemoteSwiftPackageReference "SnapKit" */,
				71FCF3532BEA658F00D8528A /* XCRemoteSwiftPackageReference "Moya" */,
			);
			productRefGroup = 71FCF32D2BE8FB7600D8528A /* Products */;
			projectDirPath = "";
			projectRoot = "";
			targets = (
				71FCF32B2BE8FB7600D8528A /* Spotify-iOS */,
			);
		};
/* End PBXProject section */

/* Begin PBXResourcesBuildPhase section */
		71FCF32A2BE8FB7600D8528A /* Resources */ = {
			isa = PBXResourcesBuildPhase;
			buildActionMask = 2147483647;
			files = (
				95D119ED2BEF601E004228C0 /* Gotham-Medium.otf in Resources */,
				71FCF33C2BE8FB7800D8528A /* LaunchScreen.storyboard in Resources */,
				95D119E92BEF5FF4004228C0 /* Gotham-Bold.otf in Resources */,
				95D119D22BEF5B81004228C0 /* Pretendard-Bold.otf in Resources */,
				95D119CE2BEF5B6D004228C0 /* Pretendard-Regular.otf in Resources */,
				95D119D02BEF5B6D004228C0 /* Pretendard-SemiBold.otf in Resources */,
				71FCF3392BE8FB7800D8528A /* Assets.xcassets in Resources */,
				95D119EB2BEF600A004228C0 /* Gotham-Book.otf in Resources */,
				95D119CF2BEF5B6D004228C0 /* Pretendard-Medium.otf in Resources */,
			);
			runOnlyForDeploymentPostprocessing = 0;
		};
/* End PBXResourcesBuildPhase section */

/* Begin PBXSourcesBuildPhase section */
		71FCF3282BE8FB7600D8528A /* Sources */ = {
			isa = PBXSourcesBuildPhase;
			buildActionMask = 2147483647;
			files = (
				712DF5472BEFA75D00F0BCCB /* HomeView.swift in Sources */,
				71FCF3342BE8FB7600D8528A /* ViewController.swift in Sources */,
				95AF202E2BF088020057D44A /* ArtistView.swift in Sources */,
				71FCF3302BE8FB7600D8528A /* AppDelegate.swift in Sources */,
				95AF202C2BF087F70057D44A /* ArtistViewController.swift in Sources */,
				71FCF3472BEA1BFD00D8528A /* SpotifyTabBarController.swift in Sources */,
				712DF54A2BEFA7BB00F0BCCB /* UIView+.swift in Sources */,
				712DF54F2BEFAD1000F0BCCB /* Config.swift in Sources */,
				712DF5452BEFA71A00F0BCCB /* HomeViewController.swift in Sources */,
				B81A0D982BF262B100C5E591 /* MusicRecommandViewController.swift in Sources */,
				71FCF3512BEA1C9A00D8528A /* SpotifyTabBarItem.swift in Sources */,
				95D119F22BEFB67D004228C0 /* FontLiterals.swift in Sources */,
				71FCF3322BE8FB7600D8528A /* SceneDelegate.swift in Sources */,
				712DF5422BEF387A00F0BCCB /* Network.swift in Sources */,
				712DF5402BEF385600F0BCCB /* Dto.swift in Sources */,
				712DF54C2BEFA7EA00F0BCCB /* getClassName.swift in Sources */,
				B81A0D942BF25B6700C5E591 /* MusicRecommandView.swift in Sources */,
			);
			runOnlyForDeploymentPostprocessing = 0;
		};
/* End PBXSourcesBuildPhase section */

/* Begin PBXVariantGroup section */
		71FCF33A2BE8FB7800D8528A /* LaunchScreen.storyboard */ = {
			isa = PBXVariantGroup;
			children = (
				71FCF33B2BE8FB7800D8528A /* Base */,
			);
			name = LaunchScreen.storyboard;
			sourceTree = "<group>";
		};
/* End PBXVariantGroup section */

/* Begin XCBuildConfiguration section */
		71FCF33E2BE8FB7800D8528A /* Debug */ = {
			isa = XCBuildConfiguration;
			buildSettings = {
				ALWAYS_SEARCH_USER_PATHS = NO;
				ASSETCATALOG_COMPILER_GENERATE_SWIFT_ASSET_SYMBOL_EXTENSIONS = YES;
				CLANG_ANALYZER_NONNULL = YES;
				CLANG_ANALYZER_NUMBER_OBJECT_CONVERSION = YES_AGGRESSIVE;
				CLANG_CXX_LANGUAGE_STANDARD = "gnu++20";
				CLANG_ENABLE_MODULES = YES;
				CLANG_ENABLE_OBJC_ARC = YES;
				CLANG_ENABLE_OBJC_WEAK = YES;
				CLANG_WARN_BLOCK_CAPTURE_AUTORELEASING = YES;
				CLANG_WARN_BOOL_CONVERSION = YES;
				CLANG_WARN_COMMA = YES;
				CLANG_WARN_CONSTANT_CONVERSION = YES;
				CLANG_WARN_DEPRECATED_OBJC_IMPLEMENTATIONS = YES;
				CLANG_WARN_DIRECT_OBJC_ISA_USAGE = YES_ERROR;
				CLANG_WARN_DOCUMENTATION_COMMENTS = YES;
				CLANG_WARN_EMPTY_BODY = YES;
				CLANG_WARN_ENUM_CONVERSION = YES;
				CLANG_WARN_INFINITE_RECURSION = YES;
				CLANG_WARN_INT_CONVERSION = YES;
				CLANG_WARN_NON_LITERAL_NULL_CONVERSION = YES;
				CLANG_WARN_OBJC_IMPLICIT_RETAIN_SELF = YES;
				CLANG_WARN_OBJC_LITERAL_CONVERSION = YES;
				CLANG_WARN_OBJC_ROOT_CLASS = YES_ERROR;
				CLANG_WARN_QUOTED_INCLUDE_IN_FRAMEWORK_HEADER = YES;
				CLANG_WARN_RANGE_LOOP_ANALYSIS = YES;
				CLANG_WARN_STRICT_PROTOTYPES = YES;
				CLANG_WARN_SUSPICIOUS_MOVE = YES;
				CLANG_WARN_UNGUARDED_AVAILABILITY = YES_AGGRESSIVE;
				CLANG_WARN_UNREACHABLE_CODE = YES;
				CLANG_WARN__DUPLICATE_METHOD_MATCH = YES;
				COPY_PHASE_STRIP = NO;
				DEBUG_INFORMATION_FORMAT = dwarf;
				ENABLE_STRICT_OBJC_MSGSEND = YES;
				ENABLE_TESTABILITY = YES;
				ENABLE_USER_SCRIPT_SANDBOXING = YES;
				GCC_C_LANGUAGE_STANDARD = gnu17;
				GCC_DYNAMIC_NO_PIC = NO;
				GCC_NO_COMMON_BLOCKS = YES;
				GCC_OPTIMIZATION_LEVEL = 0;
				GCC_PREPROCESSOR_DEFINITIONS = (
					"DEBUG=1",
					"$(inherited)",
				);
				GCC_WARN_64_TO_32_BIT_CONVERSION = YES;
				GCC_WARN_ABOUT_RETURN_TYPE = YES_ERROR;
				GCC_WARN_UNDECLARED_SELECTOR = YES;
				GCC_WARN_UNINITIALIZED_AUTOS = YES_AGGRESSIVE;
				GCC_WARN_UNUSED_FUNCTION = YES;
				GCC_WARN_UNUSED_VARIABLE = YES;
				IPHONEOS_DEPLOYMENT_TARGET = 17.0;
				LOCALIZATION_PREFERS_STRING_CATALOGS = YES;
				MTL_ENABLE_DEBUG_INFO = INCLUDE_SOURCE;
				MTL_FAST_MATH = YES;
				ONLY_ACTIVE_ARCH = YES;
				SDKROOT = iphoneos;
				SWIFT_ACTIVE_COMPILATION_CONDITIONS = "DEBUG $(inherited)";
				SWIFT_OPTIMIZATION_LEVEL = "-Onone";
			};
			name = Debug;
		};
		71FCF33F2BE8FB7800D8528A /* Release */ = {
			isa = XCBuildConfiguration;
			buildSettings = {
				ALWAYS_SEARCH_USER_PATHS = NO;
				ASSETCATALOG_COMPILER_GENERATE_SWIFT_ASSET_SYMBOL_EXTENSIONS = YES;
				CLANG_ANALYZER_NONNULL = YES;
				CLANG_ANALYZER_NUMBER_OBJECT_CONVERSION = YES_AGGRESSIVE;
				CLANG_CXX_LANGUAGE_STANDARD = "gnu++20";
				CLANG_ENABLE_MODULES = YES;
				CLANG_ENABLE_OBJC_ARC = YES;
				CLANG_ENABLE_OBJC_WEAK = YES;
				CLANG_WARN_BLOCK_CAPTURE_AUTORELEASING = YES;
				CLANG_WARN_BOOL_CONVERSION = YES;
				CLANG_WARN_COMMA = YES;
				CLANG_WARN_CONSTANT_CONVERSION = YES;
				CLANG_WARN_DEPRECATED_OBJC_IMPLEMENTATIONS = YES;
				CLANG_WARN_DIRECT_OBJC_ISA_USAGE = YES_ERROR;
				CLANG_WARN_DOCUMENTATION_COMMENTS = YES;
				CLANG_WARN_EMPTY_BODY = YES;
				CLANG_WARN_ENUM_CONVERSION = YES;
				CLANG_WARN_INFINITE_RECURSION = YES;
				CLANG_WARN_INT_CONVERSION = YES;
				CLANG_WARN_NON_LITERAL_NULL_CONVERSION = YES;
				CLANG_WARN_OBJC_IMPLICIT_RETAIN_SELF = YES;
				CLANG_WARN_OBJC_LITERAL_CONVERSION = YES;
				CLANG_WARN_OBJC_ROOT_CLASS = YES_ERROR;
				CLANG_WARN_QUOTED_INCLUDE_IN_FRAMEWORK_HEADER = YES;
				CLANG_WARN_RANGE_LOOP_ANALYSIS = YES;
				CLANG_WARN_STRICT_PROTOTYPES = YES;
				CLANG_WARN_SUSPICIOUS_MOVE = YES;
				CLANG_WARN_UNGUARDED_AVAILABILITY = YES_AGGRESSIVE;
				CLANG_WARN_UNREACHABLE_CODE = YES;
				CLANG_WARN__DUPLICATE_METHOD_MATCH = YES;
				COPY_PHASE_STRIP = NO;
				DEBUG_INFORMATION_FORMAT = "dwarf-with-dsym";
				ENABLE_NS_ASSERTIONS = NO;
				ENABLE_STRICT_OBJC_MSGSEND = YES;
				ENABLE_USER_SCRIPT_SANDBOXING = YES;
				GCC_C_LANGUAGE_STANDARD = gnu17;
				GCC_NO_COMMON_BLOCKS = YES;
				GCC_WARN_64_TO_32_BIT_CONVERSION = YES;
				GCC_WARN_ABOUT_RETURN_TYPE = YES_ERROR;
				GCC_WARN_UNDECLARED_SELECTOR = YES;
				GCC_WARN_UNINITIALIZED_AUTOS = YES_AGGRESSIVE;
				GCC_WARN_UNUSED_FUNCTION = YES;
				GCC_WARN_UNUSED_VARIABLE = YES;
				IPHONEOS_DEPLOYMENT_TARGET = 17.0;
				LOCALIZATION_PREFERS_STRING_CATALOGS = YES;
				MTL_ENABLE_DEBUG_INFO = NO;
				MTL_FAST_MATH = YES;
				SDKROOT = iphoneos;
				SWIFT_COMPILATION_MODE = wholemodule;
				VALIDATE_PRODUCT = YES;
			};
			name = Release;
		};
		71FCF3412BE8FB7800D8528A /* Debug */ = {
			isa = XCBuildConfiguration;
			buildSettings = {
				ASSETCATALOG_COMPILER_APPICON_NAME = AppIcon;
				ASSETCATALOG_COMPILER_GLOBAL_ACCENT_COLOR_NAME = AccentColor;
				BASE_URL = api;
				CODE_SIGN_STYLE = Automatic;
				CURRENT_PROJECT_VERSION = 1;
				DEVELOPMENT_TEAM = 8Q4H7X3Q58;
				GENERATE_INFOPLIST_FILE = YES;
				INFOPLIST_FILE = "Spotify-iOS/Application/Info.plist";
				INFOPLIST_KEY_UIApplicationSupportsIndirectInputEvents = YES;
				INFOPLIST_KEY_UILaunchStoryboardName = LaunchScreen;
				INFOPLIST_KEY_UISupportedInterfaceOrientations_iPad = "UIInterfaceOrientationPortrait UIInterfaceOrientationPortraitUpsideDown UIInterfaceOrientationLandscapeLeft UIInterfaceOrientationLandscapeRight";
				INFOPLIST_KEY_UISupportedInterfaceOrientations_iPhone = "UIInterfaceOrientationPortrait UIInterfaceOrientationLandscapeLeft UIInterfaceOrientationLandscapeRight";
				IPHONEOS_DEPLOYMENT_TARGET = 16.0;
				LD_RUNPATH_SEARCH_PATHS = (
					"$(inherited)",
					"@executable_path/Frameworks",
				);
				MARKETING_VERSION = 1.0;
				PRODUCT_BUNDLE_IDENTIFIER = "spotify.Spotify-iOS";
				PRODUCT_NAME = "$(TARGET_NAME)";
				SWIFT_EMIT_LOC_STRINGS = YES;
				SWIFT_VERSION = 5.0;
				TARGETED_DEVICE_FAMILY = "1,2";
			};
			name = Debug;
		};
		71FCF3422BE8FB7800D8528A /* Release */ = {
			isa = XCBuildConfiguration;
			buildSettings = {
				ASSETCATALOG_COMPILER_APPICON_NAME = AppIcon;
				ASSETCATALOG_COMPILER_GLOBAL_ACCENT_COLOR_NAME = AccentColor;
				BASE_URL = api;
				CODE_SIGN_STYLE = Automatic;
				CURRENT_PROJECT_VERSION = 1;
				DEVELOPMENT_TEAM = 8Q4H7X3Q58;
				GENERATE_INFOPLIST_FILE = YES;
				INFOPLIST_FILE = "Spotify-iOS/Application/Info.plist";
				INFOPLIST_KEY_UIApplicationSupportsIndirectInputEvents = YES;
				INFOPLIST_KEY_UILaunchStoryboardName = LaunchScreen;
				INFOPLIST_KEY_UISupportedInterfaceOrientations_iPad = "UIInterfaceOrientationPortrait UIInterfaceOrientationPortraitUpsideDown UIInterfaceOrientationLandscapeLeft UIInterfaceOrientationLandscapeRight";
				INFOPLIST_KEY_UISupportedInterfaceOrientations_iPhone = "UIInterfaceOrientationPortrait UIInterfaceOrientationLandscapeLeft UIInterfaceOrientationLandscapeRight";
				IPHONEOS_DEPLOYMENT_TARGET = 16.0;
				LD_RUNPATH_SEARCH_PATHS = (
					"$(inherited)",
					"@executable_path/Frameworks",
				);
				MARKETING_VERSION = 1.0;
				PRODUCT_BUNDLE_IDENTIFIER = "spotify.Spotify-iOS";
				PRODUCT_NAME = "$(TARGET_NAME)";
				SWIFT_EMIT_LOC_STRINGS = YES;
				SWIFT_VERSION = 5.0;
				TARGETED_DEVICE_FAMILY = "1,2";
			};
			name = Release;
		};
/* End XCBuildConfiguration section */

/* Begin XCConfigurationList section */
		71FCF3272BE8FB7600D8528A /* Build configuration list for PBXProject "Spotify-iOS" */ = {
			isa = XCConfigurationList;
			buildConfigurations = (
				71FCF33E2BE8FB7800D8528A /* Debug */,
				71FCF33F2BE8FB7800D8528A /* Release */,
			);
			defaultConfigurationIsVisible = 0;
			defaultConfigurationName = Release;
		};
		71FCF3402BE8FB7800D8528A /* Build configuration list for PBXNativeTarget "Spotify-iOS" */ = {
			isa = XCConfigurationList;
			buildConfigurations = (
				71FCF3412BE8FB7800D8528A /* Debug */,
				71FCF3422BE8FB7800D8528A /* Release */,
			);
			defaultConfigurationIsVisible = 0;
			defaultConfigurationName = Release;
		};
/* End XCConfigurationList section */

/* Begin XCRemoteSwiftPackageReference section */
		71FCF3482BEA1C1A00D8528A /* XCRemoteSwiftPackageReference "Then" */ = {
			isa = XCRemoteSwiftPackageReference;
			repositoryURL = "https://github.com/devxoul/Then";
			requirement = {
				kind = upToNextMajorVersion;
				minimumVersion = 3.0.0;
			};
		};
		71FCF34B2BEA1C2400D8528A /* XCRemoteSwiftPackageReference "SnapKit" */ = {
			isa = XCRemoteSwiftPackageReference;
			repositoryURL = "https://github.com/SnapKit/SnapKit.git";
			requirement = {
				kind = upToNextMajorVersion;
				minimumVersion = 5.7.1;
			};
		};
		71FCF3532BEA658F00D8528A /* XCRemoteSwiftPackageReference "Moya" */ = {
			isa = XCRemoteSwiftPackageReference;
			repositoryURL = "https://github.com/Moya/Moya";
			requirement = {
				kind = upToNextMajorVersion;
				minimumVersion = 15.0.3;
			};
		};
/* End XCRemoteSwiftPackageReference section */

/* Begin XCSwiftPackageProductDependency section */
		71FCF3492BEA1C1A00D8528A /* Then */ = {
			isa = XCSwiftPackageProductDependency;
			package = 71FCF3482BEA1C1A00D8528A /* XCRemoteSwiftPackageReference "Then" */;
			productName = Then;
		};
		71FCF34C2BEA1C2400D8528A /* SnapKit */ = {
			isa = XCSwiftPackageProductDependency;
			package = 71FCF34B2BEA1C2400D8528A /* XCRemoteSwiftPackageReference "SnapKit" */;
			productName = SnapKit;
		};
		71FCF34E2BEA1C2400D8528A /* SnapKit-Dynamic */ = {
			isa = XCSwiftPackageProductDependency;
			package = 71FCF34B2BEA1C2400D8528A /* XCRemoteSwiftPackageReference "SnapKit" */;
			productName = "SnapKit-Dynamic";
		};
		71FCF3542BEA658F00D8528A /* CombineMoya */ = {
			isa = XCSwiftPackageProductDependency;
			package = 71FCF3532BEA658F00D8528A /* XCRemoteSwiftPackageReference "Moya" */;
			productName = CombineMoya;
		};
		71FCF3562BEA658F00D8528A /* Moya */ = {
			isa = XCSwiftPackageProductDependency;
			package = 71FCF3532BEA658F00D8528A /* XCRemoteSwiftPackageReference "Moya" */;
			productName = Moya;
		};
		71FCF3582BEA658F00D8528A /* ReactiveMoya */ = {
			isa = XCSwiftPackageProductDependency;
			package = 71FCF3532BEA658F00D8528A /* XCRemoteSwiftPackageReference "Moya" */;
			productName = ReactiveMoya;
		};
		71FCF35A2BEA658F00D8528A /* RxMoya */ = {
			isa = XCSwiftPackageProductDependency;
			package = 71FCF3532BEA658F00D8528A /* XCRemoteSwiftPackageReference "Moya" */;
			productName = RxMoya;
		};
/* End XCSwiftPackageProductDependency section */
	};
	rootObject = 71FCF3242BE8FB7600D8528A /* Project object */;
}
